
Microsoft Visual Studio Solution File, Format Version 12.00
# Visual Studio 15
VisualStudioVersion = 15.0.27130.2010
MinimumVisualStudioVersion = 10.0.40219.1
Project("{9A19103F-16F7-4668-BE54-9A1E7A4F7556}") = "M5.Main", "M5\M5.Main.csproj", "{5AB69CD9-FAB0-4A3E-8E89-D9F7D879A71F}"
EndProject
Project("{2150E333-8FDC-42A3-9474-1A3956D46DE8}") = "MWMS", "MWMS", "{29DEA74E-421E-4593-A565-670017367E4F}"
EndProject
Project("{2150E333-8FDC-42A3-9474-1A3956D46DE8}") = "Common", "Common", "{E7CCF764-9ACE-4F7F-9391-4E71D6EED1A1}"
EndProject
Project("{9A19103F-16F7-4668-BE54-9A1E7A4F7556}") = "MWMS.DataExtensions", "MWMS.DataExtensions\MWMS.DataExtensions.csproj", "{2DEB1A8E-109F-402A-9390-6D8BA1C5BD1D}"
EndProject
Project("{9A19103F-16F7-4668-BE54-9A1E7A4F7556}") = "MWMS.DAL", "MWMS.DAL\MWMS.DAL.csproj", "{66DB264E-3DBF-422C-BF22-CEF1AE447906}"
EndProject
Project("{9A19103F-16F7-4668-BE54-9A1E7A4F7556}") = "MWMS.SqlHelper", "SqlHelper\MWMS.SqlHelper.csproj", "{AB387505-9205-43C5-BF46-DA4CA2FC7A5D}"
EndProject
Project("{2150E333-8FDC-42A3-9474-1A3956D46DE8}") = "DAL", "DAL", "{DD655311-398C-4220-B26F-85C472BF58EF}"
EndProject
Project("{9A19103F-16F7-4668-BE54-9A1E7A4F7556}") = "MWMS.Helper", "MWMS.Helper\MWMS.Helper.csproj", "{83170886-EB11-41A9-8B11-87DDE11F3E03}"
EndProject
Project("{2150E333-8FDC-42A3-9474-1A3956D46DE8}") = "RazorEngine", "RazorEngine", "{06D169E0-4B3C-4C46-A638-B9A209173C94}"
EndProject
Project("{9A19103F-16F7-4668-BE54-9A1E7A4F7556}") = "System.Web.Razor", "RazorEngine\System.Web.Razor\System.Web.Razor.csproj", "{8C5EC928-FC30-4D2D-A39B-DC13E91C0F09}"
EndProject
Project("{9A19103F-16F7-4668-BE54-9A1E7A4F7556}") = "RazorEngine.Core", "RazorEngine\RazorEngine.Core\RazorEngine.Core.csproj", "{3DDED809-0C79-4713-BA9C-0FB0A7E4713F}"
EndProject
Project("{9A19103F-16F7-4668-BE54-9A1E7A4F7556}") = "WebApplication1", "WebApplication1\WebApplication1.csproj", "{B3689A05-440F-41F4-85D6-4EBDC4242805}"
EndProject
Project("{2150E333-8FDC-42A3-9474-1A3956D46DE8}") = "M5", "M5", "{0E7249C0-B020-448D-9BF8-8A069D6E30DA}"
EndProject
Project("{9A19103F-16F7-4668-BE54-9A1E7A4F7556}") = "M5.Base", "M5.Common\M5.Base.csproj", "{BE6AD257-6374-42CA-8164-7A7F559F9C8A}"
EndProject
Project("{2150E333-8FDC-42A3-9474-1A3956D46DE8}") = "MWMS.Plugin", "MWMS.Plugin", "{96C454E5-8B9E-43F2-9340-54726C021493}"
EndProject
Project("{9A19103F-16F7-4668-BE54-9A1E7A4F7556}") = "Plugin.FileManage", "FileManage\Plugin.FileManage.csproj", "{12907FB5-B74B-4E0C-B91C-410C2BF07139}"
EndProject
Project("{9A19103F-16F7-4668-BE54-9A1E7A4F7556}") = "Plugin.Article", "Article\Plugin.Article.csproj", "{0A7EFE2A-8CD3-4E09-84B6-00942D3B93EF}"
EndProject
Global
	GlobalSection(SolutionConfigurationPlatforms) = preSolution
		Debug|Any CPU = Debug|Any CPU
		Release|Any CPU = Release|Any CPU
	EndGlobalSection
	GlobalSection(ProjectConfigurationPlatforms) = postSolution
		{5AB69CD9-FAB0-4A3E-8E89-D9F7D879A71F}.Debug|Any CPU.ActiveCfg = Debug|Any CPU
		{5AB69CD9-FAB0-4A3E-8E89-D9F7D879A71F}.Debug|Any CPU.Build.0 = Debug|Any CPU
		{5AB69CD9-FAB0-4A3E-8E89-D9F7D879A71F}.Release|Any CPU.ActiveCfg = Release|Any CPU
		{5AB69CD9-FAB0-4A3E-8E89-D9F7D879A71F}.Release|Any CPU.Build.0 = Release|Any CPU
		{2DEB1A8E-109F-402A-9390-6D8BA1C5BD1D}.Debug|Any CPU.ActiveCfg = Debug|Any CPU
		{2DEB1A8E-109F-402A-9390-6D8BA1C5BD1D}.Debug|Any CPU.Build.0 = Debug|Any CPU
		{2DEB1A8E-109F-402A-9390-6D8BA1C5BD1D}.Release|Any CPU.ActiveCfg = Release|Any CPU
		{2DEB1A8E-109F-402A-9390-6D8BA1C5BD1D}.Release|Any CPU.Build.0 = Release|Any CPU
		{66DB264E-3DBF-422C-BF22-CEF1AE447906}.Debug|Any CPU.ActiveCfg = Debug|Any CPU
		{66DB264E-3DBF-422C-BF22-CEF1AE447906}.Debug|Any CPU.Build.0 = Debug|Any CPU
		{66DB264E-3DBF-422C-BF22-CEF1AE447906}.Release|Any CPU.ActiveCfg = Release|Any CPU
		{66DB264E-3DBF-422C-BF22-CEF1AE447906}.Release|Any CPU.Build.0 = Release|Any CPU
		{AB387505-9205-43C5-BF46-DA4CA2FC7A5D}.Debug|Any CPU.ActiveCfg = Debug|Any CPU
		{AB387505-9205-43C5-BF46-DA4CA2FC7A5D}.Debug|Any CPU.Build.0 = Debug|Any CPU
		{AB387505-9205-43C5-BF46-DA4CA2FC7A5D}.Release|Any CPU.ActiveCfg = Release|Any CPU
		{AB387505-9205-43C5-BF46-DA4CA2FC7A5D}.Release|Any CPU.Build.0 = Release|Any CPU
		{83170886-EB11-41A9-8B11-87DDE11F3E03}.Debug|Any CPU.ActiveCfg = Debug|Any CPU
		{83170886-EB11-41A9-8B11-87DDE11F3E03}.Debug|Any CPU.Build.0 = Debug|Any CPU
		{83170886-EB11-41A9-8B11-87DDE11F3E03}.Release|Any CPU.ActiveCfg = Release|Any CPU
		{83170886-EB11-41A9-8B11-87DDE11F3E03}.Release|Any CPU.Build.0 = Release|Any CPU
		{8C5EC928-FC30-4D2D-A39B-DC13E91C0F09}.Debug|Any CPU.ActiveCfg = Debug|Any CPU
		{8C5EC928-FC30-4D2D-A39B-DC13E91C0F09}.Debug|Any CPU.Build.0 = Debug|Any CPU
		{8C5EC928-FC30-4D2D-A39B-DC13E91C0F09}.Release|Any CPU.ActiveCfg = Release|Any CPU
		{8C5EC928-FC30-4D2D-A39B-DC13E91C0F09}.Release|Any CPU.Build.0 = Release|Any CPU
		{3DDED809-0C79-4713-BA9C-0FB0A7E4713F}.Debug|Any CPU.ActiveCfg = Debug|Any CPU
		{3DDED809-0C79-4713-BA9C-0FB0A7E4713F}.Debug|Any CPU.Build.0 = Debug|Any CPU
		{3DDED809-0C79-4713-BA9C-0FB0A7E4713F}.Release|Any CPU.ActiveCfg = Release|Any CPU
		{3DDED809-0C79-4713-BA9C-0FB0A7E4713F}.Release|Any CPU.Build.0 = Release|Any CPU
		{B3689A05-440F-41F4-85D6-4EBDC4242805}.Debug|Any CPU.ActiveCfg = Debug|Any CPU
		{B3689A05-440F-41F4-85D6-4EBDC4242805}.Debug|Any CPU.Build.0 = Debug|Any CPU
		{B3689A05-440F-41F4-85D6-4EBDC4242805}.Release|Any CPU.ActiveCfg = Release|Any CPU
		{B3689A05-440F-41F4-85D6-4EBDC4242805}.Release|Any CPU.Build.0 = Release|Any CPU
		{BE6AD257-6374-42CA-8164-7A7F559F9C8A}.Debug|Any CPU.ActiveCfg = Debug|Any CPU
		{BE6AD257-6374-42CA-8164-7A7F559F9C8A}.Debug|Any CPU.Build.0 = Debug|Any CPU
		{BE6AD257-6374-42CA-8164-7A7F559F9C8A}.Release|Any CPU.ActiveCfg = Release|Any CPU
		{BE6AD257-6374-42CA-8164-7A7F559F9C8A}.Release|Any CPU.Build.0 = Release|Any CPU
		{12907FB5-B74B-4E0C-B91C-410C2BF07139}.Debug|Any CPU.ActiveCfg = Debug|Any CPU
		{12907FB5-B74B-4E0C-B91C-410C2BF07139}.Debug|Any CPU.Build.0 = Debug|Any CPU
		{12907FB5-B74B-4E0C-B91C-410C2BF07139}.Release|Any CPU.ActiveCfg = Release|Any CPU
		{12907FB5-B74B-4E0C-B91C-410C2BF07139}.Release|Any CPU.Build.0 = Release|Any CPU
		{0A7EFE2A-8CD3-4E09-84B6-00942D3B93EF}.Debug|Any CPU.ActiveCfg = Debug|Any CPU
		{0A7EFE2A-8CD3-4E09-84B6-00942D3B93EF}.Debug|Any CPU.Build.0 = Debug|Any CPU
		{0A7EFE2A-8CD3-4E09-84B6-00942D3B93EF}.Release|Any CPU.ActiveCfg = Release|Any CPU
		{0A7EFE2A-8CD3-4E09-84B6-00942D3B93EF}.Release|Any CPU.Build.0 = Release|Any CPU
	EndGlobalSection
	GlobalSection(SolutionProperties) = preSolution
		HideSolutionNode = FALSE
	EndGlobalSection
	GlobalSection(NestedProjects) = preSolution
		{5AB69CD9-FAB0-4A3E-8E89-D9F7D879A71F} = {0E7249C0-B020-448D-9BF8-8A069D6E30DA}
		{2DEB1A8E-109F-402A-9390-6D8BA1C5BD1D} = {E7CCF764-9ACE-4F7F-9391-4E71D6EED1A1}
		{66DB264E-3DBF-422C-BF22-CEF1AE447906} = {DD655311-398C-4220-B26F-85C472BF58EF}
		{AB387505-9205-43C5-BF46-DA4CA2FC7A5D} = {DD655311-398C-4220-B26F-85C472BF58EF}
		{83170886-EB11-41A9-8B11-87DDE11F3E03} = {E7CCF764-9ACE-4F7F-9391-4E71D6EED1A1}
		{8C5EC928-FC30-4D2D-A39B-DC13E91C0F09} = {06D169E0-4B3C-4C46-A638-B9A209173C94}
		{3DDED809-0C79-4713-BA9C-0FB0A7E4713F} = {06D169E0-4B3C-4C46-A638-B9A209173C94}
		{BE6AD257-6374-42CA-8164-7A7F559F9C8A} = {0E7249C0-B020-448D-9BF8-8A069D6E30DA}
		{12907FB5-B74B-4E0C-B91C-410C2BF07139} = {96C454E5-8B9E-43F2-9340-54726C021493}
		{0A7EFE2A-8CD3-4E09-84B6-00942D3B93EF} = {96C454E5-8B9E-43F2-9340-54726C021493}
	EndGlobalSection
	GlobalSection(ExtensibilityGlobals) = postSolution
		SolutionGuid = {B09C79E7-57DD-4DF7-ABE3-BB945B6DD0D8}
	EndGlobalSection
EndGlobal
